
Microsoft Visual Studio Solution File, Format Version 12.00
# Visual Studio Version 17
VisualStudioVersion = 17.3.32929.385
MinimumVisualStudioVersion = 10.0.40219.1
Project("{9A19103F-16F7-4668-BE54-9A1E7A4F7556}") = "Beersender.Domain", "Beersender.Domain\Beersender.Domain.csproj", "{BF69FFB6-7E84-4F6C-B1C3-4ECB562285F6}"
EndProject
Project("{9A19103F-16F7-4668-BE54-9A1E7A4F7556}") = "Beersender.Demo", "Beersender.Demo\Beersender.Demo.csproj", "{541FA7F9-03F4-4198-A52F-5C3F16A112A5}"
EndProject
Project("{9A19103F-16F7-4668-BE54-9A1E7A4F7556}") = "Beersender.tests", "Beersender.tests\Beersender.tests.csproj", "{EFCA5636-7B14-48BD-A899-BD50295FB3A7}"
EndProject
Project("{FAE04EC0-301F-11D3-BF4B-00C04F79EFBC}") = "Beersender.API", "Beersender.API\Beersender.API.csproj", "{0FCC866C-D0F0-4607-AFC9-7CB27346B7E9}"
EndProject
Global
	GlobalSection(SolutionConfigurationPlatforms) = preSolution
		Debug|Any CPU = Debug|Any CPU
		Release|Any CPU = Release|Any CPU
	EndGlobalSection
	GlobalSection(ProjectConfigurationPlatforms) = postSolution
		{BF69FFB6-7E84-4F6C-B1C3-4ECB562285F6}.Debug|Any CPU.ActiveCfg = Debug|Any CPU
		{BF69FFB6-7E84-4F6C-B1C3-4ECB562285F6}.Debug|Any CPU.Build.0 = Debug|Any CPU
		{BF69FFB6-7E84-4F6C-B1C3-4ECB562285F6}.Release|Any CPU.ActiveCfg = Release|Any CPU
		{BF69FFB6-7E84-4F6C-B1C3-4ECB562285F6}.Release|Any CPU.Build.0 = Release|Any CPU
		{541FA7F9-03F4-4198-A52F-5C3F16A112A5}.Debug|Any CPU.ActiveCfg = Debug|Any CPU
		{541FA7F9-03F4-4198-A52F-5C3F16A112A5}.Debug|Any CPU.Build.0 = Debug|Any CPU
		{541FA7F9-03F4-4198-A52F-5C3F16A112A5}.Release|Any CPU.ActiveCfg = Release|Any CPU
		{541FA7F9-03F4-4198-A52F-5C3F16A112A5}.Release|Any CPU.Build.0 = Release|Any CPU
		{EFCA5636-7B14-48BD-A899-BD50295FB3A7}.Debug|Any CPU.ActiveCfg = Debug|Any CPU
		{EFCA5636-7B14-48BD-A899-BD50295FB3A7}.Debug|Any CPU.Build.0 = Debug|Any CPU
		{EFCA5636-7B14-48BD-A899-BD50295FB3A7}.Release|Any CPU.ActiveCfg = Release|Any CPU
		{EFCA5636-7B14-48BD-A899-BD50295FB3A7}.Release|Any CPU.Build.0 = Release|Any CPU
		{0FCC866C-D0F0-4607-AFC9-7CB27346B7E9}.Debug|Any CPU.ActiveCfg = Debug|Any CPU
		{0FCC866C-D0F0-4607-AFC9-7CB27346B7E9}.Debug|Any CPU.Build.0 = Debug|Any CPU
		{0FCC866C-D0F0-4607-AFC9-7CB27346B7E9}.Release|Any CPU.ActiveCfg = Release|Any CPU
		{0FCC866C-D0F0-4607-AFC9-7CB27346B7E9}.Release|Any CPU.Build.0 = Release|Any CPU
	EndGlobalSection
	GlobalSection(SolutionProperties) = preSolution
		HideSolutionNode = FALSE
	EndGlobalSection
	GlobalSection(ExtensibilityGlobals) = postSolution
		SolutionGuid = {A241BEF3-7908-4BE0-A03F-2E74C88491BA}
	EndGlobalSection
EndGlobal
